
Microsoft Visual Studio Solution File, Format Version 12.00
# Visual Studio Version 16
VisualStudioVersion = 16.0.29503.13
MinimumVisualStudioVersion = 10.0.40219.1
Project("{FAE04EC0-301F-11D3-BF4B-00C04F79EFBC}") = "MathDrill", "MathAppDrill\MathDrill.csproj", "{E7BB1E4D-8263-40F6-981C-F9A02144BFC3}"
EndProject
Global
	GlobalSection(SolutionConfigurationPlatforms) = preSolution
		Debug|Any CPU = Debug|Any CPU
		Release|Any CPU = Release|Any CPU
	EndGlobalSection
	GlobalSection(ProjectConfigurationPlatforms) = postSolution
		{E7BB1E4D-8263-40F6-981C-F9A02144BFC3}.Debug|Any CPU.ActiveCfg = Debug|Any CPU
		{E7BB1E4D-8263-40F6-981C-F9A02144BFC3}.Debug|Any CPU.Build.0 = Debug|Any CPU
		{E7BB1E4D-8263-40F6-981C-F9A02144BFC3}.Release|Any CPU.ActiveCfg = Release|Any CPU
		{E7BB1E4D-8263-40F6-981C-F9A02144BFC3}.Release|Any CPU.Build.0 = Release|Any CPU
	EndGlobalSection
	GlobalSection(SolutionProperties) = preSolution
		HideSolutionNode = FALSE
	EndGlobalSection
	GlobalSection(ExtensibilityGlobals) = postSolution
		SolutionGuid = {1D36525E-8529-4D01-A199-0463EC8EDADF}
	EndGlobalSection
EndGlobal
