
Microsoft Visual Studio Solution File, Format Version 12.00
# Visual Studio Version 16
VisualStudioVersion = 16.0.29503.13
MinimumVisualStudioVersion = 10.0.40219.1
Project("{FAE04EC0-301F-11D3-BF4B-00C04F79EFBC}") = "Divide_TryCatchDrill", "Divide_TryCatchDrill\Divide_TryCatchDrill.csproj", "{E8D97516-2788-49E9-B67F-618906DCBA7A}"
EndProject
Global
	GlobalSection(SolutionConfigurationPlatforms) = preSolution
		Debug|Any CPU = Debug|Any CPU
		Release|Any CPU = Release|Any CPU
	EndGlobalSection
	GlobalSection(ProjectConfigurationPlatforms) = postSolution
		{E8D97516-2788-49E9-B67F-618906DCBA7A}.Debug|Any CPU.ActiveCfg = Debug|Any CPU
		{E8D97516-2788-49E9-B67F-618906DCBA7A}.Debug|Any CPU.Build.0 = Debug|Any CPU
		{E8D97516-2788-49E9-B67F-618906DCBA7A}.Release|Any CPU.ActiveCfg = Release|Any CPU
		{E8D97516-2788-49E9-B67F-618906DCBA7A}.Release|Any CPU.Build.0 = Release|Any CPU
	EndGlobalSection
	GlobalSection(SolutionProperties) = preSolution
		HideSolutionNode = FALSE
	EndGlobalSection
	GlobalSection(ExtensibilityGlobals) = postSolution
		SolutionGuid = {7E599F46-48E2-4CF1-A8FA-D46BDFEE31C3}
	EndGlobalSection
EndGlobal
