
Microsoft Visual Studio Solution File, Format Version 12.00
# Visual Studio Version 16
VisualStudioVersion = 16.0.29503.13
MinimumVisualStudioVersion = 10.0.40219.1
Project("{FAE04EC0-301F-11D3-BF4B-00C04F79EFBC}") = "NumberLogDrill", "NumberLogDrill\NumberLogDrill.csproj", "{FC4B1FCA-C09F-4E03-A7F2-4EE7B3313F48}"
EndProject
Global
	GlobalSection(SolutionConfigurationPlatforms) = preSolution
		Debug|Any CPU = Debug|Any CPU
		Release|Any CPU = Release|Any CPU
	EndGlobalSection
	GlobalSection(ProjectConfigurationPlatforms) = postSolution
		{FC4B1FCA-C09F-4E03-A7F2-4EE7B3313F48}.Debug|Any CPU.ActiveCfg = Debug|Any CPU
		{FC4B1FCA-C09F-4E03-A7F2-4EE7B3313F48}.Debug|Any CPU.Build.0 = Debug|Any CPU
		{FC4B1FCA-C09F-4E03-A7F2-4EE7B3313F48}.Release|Any CPU.ActiveCfg = Release|Any CPU
		{FC4B1FCA-C09F-4E03-A7F2-4EE7B3313F48}.Release|Any CPU.Build.0 = Release|Any CPU
	EndGlobalSection
	GlobalSection(SolutionProperties) = preSolution
		HideSolutionNode = FALSE
	EndGlobalSection
	GlobalSection(ExtensibilityGlobals) = postSolution
		SolutionGuid = {6528701E-BDDF-46CD-9308-963B81267789}
	EndGlobalSection
EndGlobal
