
Microsoft Visual Studio Solution File, Format Version 12.00
# Visual Studio Version 16
VisualStudioVersion = 16.0.29503.13
MinimumVisualStudioVersion = 10.0.40219.1
Project("{FAE04EC0-301F-11D3-BF4B-00C04F79EFBC}") = "CS_Project_1", "CS_Project_1\CS_Project_1.csproj", "{5A71F422-571B-4708-BAC6-8D917B88ABC4}"
EndProject
Global
	GlobalSection(SolutionConfigurationPlatforms) = preSolution
		Debug|Any CPU = Debug|Any CPU
		Release|Any CPU = Release|Any CPU
	EndGlobalSection
	GlobalSection(ProjectConfigurationPlatforms) = postSolution
		{5A71F422-571B-4708-BAC6-8D917B88ABC4}.Debug|Any CPU.ActiveCfg = Debug|Any CPU
		{5A71F422-571B-4708-BAC6-8D917B88ABC4}.Debug|Any CPU.Build.0 = Debug|Any CPU
		{5A71F422-571B-4708-BAC6-8D917B88ABC4}.Release|Any CPU.ActiveCfg = Release|Any CPU
		{5A71F422-571B-4708-BAC6-8D917B88ABC4}.Release|Any CPU.Build.0 = Release|Any CPU
	EndGlobalSection
	GlobalSection(SolutionProperties) = preSolution
		HideSolutionNode = FALSE
	EndGlobalSection
	GlobalSection(ExtensibilityGlobals) = postSolution
		SolutionGuid = {30F0059B-4415-442E-B2F1-8CF6213B6340}
	EndGlobalSection
EndGlobal
