
Microsoft Visual Studio Solution File, Format Version 12.00
# Visual Studio Version 16
VisualStudioVersion = 16.0.29503.13
MinimumVisualStudioVersion = 10.0.40219.1
Project("{FAE04EC0-301F-11D3-BF4B-00C04F79EFBC}") = "StructDrill", "StructDrill\StructDrill.csproj", "{DCCE8791-1E4C-474A-A6E3-8A822BB9E3EC}"
EndProject
Global
	GlobalSection(SolutionConfigurationPlatforms) = preSolution
		Debug|Any CPU = Debug|Any CPU
		Release|Any CPU = Release|Any CPU
	EndGlobalSection
	GlobalSection(ProjectConfigurationPlatforms) = postSolution
		{DCCE8791-1E4C-474A-A6E3-8A822BB9E3EC}.Debug|Any CPU.ActiveCfg = Debug|Any CPU
		{DCCE8791-1E4C-474A-A6E3-8A822BB9E3EC}.Debug|Any CPU.Build.0 = Debug|Any CPU
		{DCCE8791-1E4C-474A-A6E3-8A822BB9E3EC}.Release|Any CPU.ActiveCfg = Release|Any CPU
		{DCCE8791-1E4C-474A-A6E3-8A822BB9E3EC}.Release|Any CPU.Build.0 = Release|Any CPU
	EndGlobalSection
	GlobalSection(SolutionProperties) = preSolution
		HideSolutionNode = FALSE
	EndGlobalSection
	GlobalSection(ExtensibilityGlobals) = postSolution
		SolutionGuid = {D90A2669-8421-4158-A008-F9C5997AABC9}
	EndGlobalSection
EndGlobal
