
Microsoft Visual Studio Solution File, Format Version 12.00
# Visual Studio Version 16
VisualStudioVersion = 16.0.29503.13
MinimumVisualStudioVersion = 10.0.40219.1
Project("{FAE04EC0-301F-11D3-BF4B-00C04F79EFBC}") = "VoidMethodDrill", "VoidMethodDrill\VoidMethodDrill.csproj", "{073947F7-0EA0-47A2-95A5-3BFDC41B785A}"
EndProject
Global
	GlobalSection(SolutionConfigurationPlatforms) = preSolution
		Debug|Any CPU = Debug|Any CPU
		Release|Any CPU = Release|Any CPU
	EndGlobalSection
	GlobalSection(ProjectConfigurationPlatforms) = postSolution
		{073947F7-0EA0-47A2-95A5-3BFDC41B785A}.Debug|Any CPU.ActiveCfg = Debug|Any CPU
		{073947F7-0EA0-47A2-95A5-3BFDC41B785A}.Debug|Any CPU.Build.0 = Debug|Any CPU
		{073947F7-0EA0-47A2-95A5-3BFDC41B785A}.Release|Any CPU.ActiveCfg = Release|Any CPU
		{073947F7-0EA0-47A2-95A5-3BFDC41B785A}.Release|Any CPU.Build.0 = Release|Any CPU
	EndGlobalSection
	GlobalSection(SolutionProperties) = preSolution
		HideSolutionNode = FALSE
	EndGlobalSection
	GlobalSection(ExtensibilityGlobals) = postSolution
		SolutionGuid = {1244927F-5730-4668-9B26-03367141B0B6}
	EndGlobalSection
EndGlobal
