
Microsoft Visual Studio Solution File, Format Version 12.00
# Visual Studio Version 16
VisualStudioVersion = 16.0.29503.13
MinimumVisualStudioVersion = 10.0.40219.1
Project("{FAE04EC0-301F-11D3-BF4B-00C04F79EFBC}") = "DailyReportDrill", "DailyReportDrill\DailyReportDrill.csproj", "{FCE0F10E-28F9-4291-95D6-352A19786663}"
EndProject
Global
	GlobalSection(SolutionConfigurationPlatforms) = preSolution
		Debug|Any CPU = Debug|Any CPU
		Release|Any CPU = Release|Any CPU
	EndGlobalSection
	GlobalSection(ProjectConfigurationPlatforms) = postSolution
		{FCE0F10E-28F9-4291-95D6-352A19786663}.Debug|Any CPU.ActiveCfg = Debug|Any CPU
		{FCE0F10E-28F9-4291-95D6-352A19786663}.Debug|Any CPU.Build.0 = Debug|Any CPU
		{FCE0F10E-28F9-4291-95D6-352A19786663}.Release|Any CPU.ActiveCfg = Release|Any CPU
		{FCE0F10E-28F9-4291-95D6-352A19786663}.Release|Any CPU.Build.0 = Release|Any CPU
	EndGlobalSection
	GlobalSection(SolutionProperties) = preSolution
		HideSolutionNode = FALSE
	EndGlobalSection
	GlobalSection(ExtensibilityGlobals) = postSolution
		SolutionGuid = {4FC00D2B-2266-4C66-9AC6-4B840A3B529B}
	EndGlobalSection
EndGlobal
